<?xml version="1.0" encoding="utf-8"?>
<Project ToolsVersion="4.0" xmlns="http://schemas.microsoft.com/developer/msbuild/2003">
  <ItemGroup>
    <Filter Include="src">
      <UniqueIdentifier>{7ca3d686-2bd2-4b5c-a689-866042442634}</UniqueIdentifier>
    </Filter>
    <Filter Include="lib">
      <UniqueIdentifier>{47737fe0-35ea-4966-9edc-39615df22cbb}</UniqueIdentifier>
    </Filter>
  </ItemGroup>
  <ItemGroup>
    <ClInclude Include="..\..\..\src\difont\BitmapFont.h">
      <Filter>src</Filter>
    </ClInclude>
    <ClInclude Include="..\..\..\src\difont\BitmapGlyph.h">
      <Filter>src</Filter>
    </ClInclude>
    <ClInclude Include="..\..\..\src\difont\Buffer.h">
      <Filter>src</Filter>
    </ClInclude>
    <ClInclude Include="..\..\..\src\difont\BufferFont.h">
      <Filter>src</Filter>
    </ClInclude>
    <ClInclude Include="..\..\..\src\difont\BufferGlyph.h">
      <Filter>src</Filter>
    </ClInclude>
    <ClInclude Include="..\..\..\src\difont\common\BBox.h">
      <Filter>src</Filter>
    </ClInclude>
    <ClInclude Include="..\..\..\src\difont\common\Internals.h">
      <Filter>src</Filter>
    </ClInclude>
    <ClInclude Include="..\..\..\src\difont\common\Point.h">
      <Filter>src</Filter>
    </ClInclude>
    <ClInclude Include="..\..\..\src\difont\common\Size.h">
      <Filter>src</Filter>
    </ClInclude>
    <ClInclude Include="..\..\..\src\difont\difont.h">
      <Filter>src</Filter>
    </ClInclude>
    <ClInclude Include="..\..\..\src\difont\difont.old.h">
      <Filter>src</Filter>
    </ClInclude>
    <ClInclude Include="..\..\..\src\difont\font\BitmapFontImpl.h">
      <Filter>src</Filter>
    </ClInclude>
    <ClInclude Include="..\..\..\src\difont\font\BufferFontImpl.h">
      <Filter>src</Filter>
    </ClInclude>
    <ClInclude Include="..\..\..\src\difont\font\FontImpl.h">
      <Filter>src</Filter>
    </ClInclude>
    <ClInclude Include="..\..\..\src\difont\font\OutlineFontImpl.h">
      <Filter>src</Filter>
    </ClInclude>
    <ClInclude Include="..\..\..\src\difont\font\PixmapFontImpl.h">
      <Filter>src</Filter>
    </ClInclude>
    <ClInclude Include="..\..\..\src\difont\font\PolygonFontImpl.h">
      <Filter>src</Filter>
    </ClInclude>
    <ClInclude Include="..\..\..\src\difont\font\TextureFontImpl.h">
      <Filter>src</Filter>
    </ClInclude>
    <ClInclude Include="..\..\..\src\difont\Font.h">
      <Filter>src</Filter>
    </ClInclude>
    <ClInclude Include="..\..\..\src\difont\freetype\Charmap.h">
      <Filter>src</Filter>
    </ClInclude>
    <ClInclude Include="..\..\..\src\difont\freetype\Face.h">
      <Filter>src</Filter>
    </ClInclude>
    <ClInclude Include="..\..\..\src\difont\freetype\GlyphContainer.h">
      <Filter>src</Filter>
    </ClInclude>
    <ClInclude Include="..\..\..\src\difont\freetype\Library.h">
      <Filter>src</Filter>
    </ClInclude>
    <ClInclude Include="..\..\..\src\difont\freetype\Unicode.h">
      <Filter>src</Filter>
    </ClInclude>
    <ClInclude Include="..\..\..\src\difont\glyph\BitmapGlyphImpl.h">
      <Filter>src</Filter>
    </ClInclude>
    <ClInclude Include="..\..\..\src\difont\glyph\BufferGlyphImpl.h">
      <Filter>src</Filter>
    </ClInclude>
    <ClInclude Include="..\..\..\src\difont\glyph\GlyphImpl.h">
      <Filter>src</Filter>
    </ClInclude>
    <ClInclude Include="..\..\..\src\difont\glyph\OutlineGlyphImpl.h">
      <Filter>src</Filter>
    </ClInclude>
    <ClInclude Include="..\..\..\src\difont\glyph\PixmapGlyphImpl.h">
      <Filter>src</Filter>
    </ClInclude>
    <ClInclude Include="..\..\..\src\difont\glyph\PolygonGlyphImpl.h">
      <Filter>src</Filter>
    </ClInclude>
    <ClInclude Include="..\..\..\src\difont\glyph\TextureGlyphImpl.h">
      <Filter>src</Filter>
    </ClInclude>
    <ClInclude Include="..\..\..\src\difont\Glyph.h">
      <Filter>src</Filter>
    </ClInclude>
    <ClInclude Include="..\..\..\src\difont\layout\LayoutImpl.h">
      <Filter>src</Filter>
    </ClInclude>
    <ClInclude Include="..\..\..\src\difont\layout\SimpleLayoutImpl.h">
      <Filter>src</Filter>
    </ClInclude>
    <ClInclude Include="..\..\..\src\difont\Layout.h">
      <Filter>src</Filter>
    </ClInclude>
    <ClInclude Include="..\..\..\src\difont\opengl\OpenGLInterface.h">
      <Filter>src</Filter>
    </ClInclude>
    <ClInclude Include="..\..\..\src\difont\OutlineFont.h">
      <Filter>src</Filter>
    </ClInclude>
    <ClInclude Include="..\..\..\src\difont\OutlineGlyph.h">
      <Filter>src</Filter>
    </ClInclude>
    <ClInclude Include="..\..\..\src\difont\PixmapFont.h">
      <Filter>src</Filter>
    </ClInclude>
    <ClInclude Include="..\..\..\src\difont\PixmapGlyph.h">
      <Filter>src</Filter>
    </ClInclude>
    <ClInclude Include="..\..\..\src\difont\PolyGlyph.h">
      <Filter>src</Filter>
    </ClInclude>
    <ClInclude Include="..\..\..\src\difont\PolygonFont.h">
      <Filter>src</Filter>
    </ClInclude>
    <ClInclude Include="..\..\..\src\difont\SimpleLayout.h">
      <Filter>src</Filter>
    </ClInclude>
    <ClInclude Include="..\..\..\src\difont\TextureFont.h">
      <Filter>src</Filter>
    </ClInclude>
    <ClInclude Include="..\..\..\src\difont\TextureGlyph.h">
      <Filter>src</Filter>
    </ClInclude>
    <ClInclude Include="..\..\..\src\difont\vectoriser\Contour.h">
      <Filter>src</Filter>
    </ClInclude>
    <ClInclude Include="..\..\..\src\difont\vectoriser\FontMesh.h">
      <Filter>src</Filter>
    </ClInclude>
    <ClInclude Include="..\..\..\src\difont\vectoriser\Vectoriser.h">
      <Filter>src</Filter>
    </ClInclude>
    <ClInclude Include="..\..\..\src\difont\opengl\gl.h">
      <Filter>src</Filter>
    </ClInclude>
  </ItemGroup>
  <ItemGroup>
    <ClCompile Include="..\..\..\src\difont\Buffer.cpp">
      <Filter>src</Filter>
    </ClCompile>
    <ClCompile Include="..\..\..\src\difont\common\Point.cpp">
      <Filter>src</Filter>
    </ClCompile>
    <ClCompile Include="..\..\..\src\difont\common\Size.cpp">
      <Filter>src</Filter>
    </ClCompile>
    <ClCompile Include="..\..\..\src\difont\font\BitmapFont.cpp">
      <Filter>src</Filter>
    </ClCompile>
    <ClCompile Include="..\..\..\src\difont\font\BufferFont.cpp">
      <Filter>src</Filter>
    </ClCompile>
    <ClCompile Include="..\..\..\src\difont\font\Font.cpp">
      <Filter>src</Filter>
    </ClCompile>
    <ClCompile Include="..\..\..\src\difont\font\OutlineFont.cpp">
      <Filter>src</Filter>
    </ClCompile>
    <ClCompile Include="..\..\..\src\difont\font\PixmapFont.cpp">
      <Filter>src</Filter>
    </ClCompile>
    <ClCompile Include="..\..\..\src\difont\font\PolygonFont.cpp">
      <Filter>src</Filter>
    </ClCompile>
    <ClCompile Include="..\..\..\src\difont\font\TextureFont.cpp">
      <Filter>src</Filter>
    </ClCompile>
    <ClCompile Include="..\..\..\src\difont\freetype\Charmap.cpp">
      <Filter>src</Filter>
    </ClCompile>
    <ClCompile Include="..\..\..\src\difont\freetype\Face.cpp">
      <Filter>src</Filter>
    </ClCompile>
    <ClCompile Include="..\..\..\src\difont\freetype\GlyphContainer.cpp">
      <Filter>src</Filter>
    </ClCompile>
    <ClCompile Include="..\..\..\src\difont\freetype\Library.cpp">
      <Filter>src</Filter>
    </ClCompile>
    <ClCompile Include="..\..\..\src\difont\glyph\BitmapGlyph.cpp">
      <Filter>src</Filter>
    </ClCompile>
    <ClCompile Include="..\..\..\src\difont\glyph\BufferGlyph.cpp">
      <Filter>src</Filter>
    </ClCompile>
    <ClCompile Include="..\..\..\src\difont\glyph\Glyph.cpp">
      <Filter>src</Filter>
    </ClCompile>
    <ClCompile Include="..\..\..\src\difont\glyph\OutlineGlyph.cpp">
      <Filter>src</Filter>
    </ClCompile>
    <ClCompile Include="..\..\..\src\difont\glyph\PixmapGlyph.cpp">
      <Filter>src</Filter>
    </ClCompile>
    <ClCompile Include="..\..\..\src\difont\glyph\PolygonGlyph.cpp">
      <Filter>src</Filter>
    </ClCompile>
    <ClCompile Include="..\..\..\src\difont\glyph\TextureGlyph.cpp">
      <Filter>src</Filter>
    </ClCompile>
    <ClCompile Include="..\..\..\src\difont\layout\Layout.cpp">
      <Filter>src</Filter>
    </ClCompile>
    <ClCompile Include="..\..\..\src\difont\layout\SimpleLayout.cpp">
      <Filter>src</Filter>
    </ClCompile>
    <ClCompile Include="..\..\..\src\difont\vectoriser\Contour.cpp">
      <Filter>src</Filter>
    </ClCompile>
    <ClCompile Include="..\..\..\src\difont\vectoriser\FontMesh.cpp">
      <Filter>src</Filter>
    </ClCompile>
    <ClCompile Include="..\..\..\src\difont\vectoriser\Vectoriser.cpp">
      <Filter>src</Filter>
    </ClCompile>
    <ClCompile Include="..\..\..\src\difont\opengl\gl.cpp">
      <Filter>src</Filter>
    </ClCompile>
    <ClCompile Include="..\..\..\src\difont\opengl\OpenGLInterface.windows.cpp">
      <Filter>src</Filter>
    </ClCompile>
    <ClCompile Include="..\..\..\lib\freetype2\src\autofit\autofit.c">
      <Filter>lib</Filter>
    </ClCompile>
    <ClCompile Include="..\..\..\lib\freetype2\src\cff\cff.c">
      <Filter>lib</Filter>
    </ClCompile>
    <ClCompile Include="..\..\..\lib\freetype2\src\pshinter\pshinter.c">
      <Filter>lib</Filter>
    </ClCompile>
    <ClCompile Include="..\..\..\lib\freetype2\src\psnames\psnames.c">
      <Filter>lib</Filter>
    </ClCompile>
    <ClCompile Include="..\..\..\lib\freetype2\src\raster\raster.c">
      <Filter>lib</Filter>
    </ClCompile>
    <ClCompile Include="..\..\..\lib\freetype2\src\sfnt\sfnt.c">
      <Filter>lib</Filter>
    </ClCompile>
    <ClCompile Include="..\..\..\lib\freetype2\src\smooth\smooth.c">
      <Filter>lib</Filter>
    </ClCompile>
    <ClCompile Include="..\..\..\lib\freetype2\src\truetype\truetype.c">
      <Filter>lib</Filter>
    </ClCompile>
    <ClCompile Include="..\..\..\lib\freetype2\src\base\ftobjs.c">
      <Filter>lib</Filter>
    </ClCompile>
    <ClCompile Include="..\..\..\lib\freetype2\src\base\ftsynth.c">
      <Filter>lib</Filter>
    </ClCompile>
    <ClCompile Include="..\..\..\lib\freetype2\src\base\ftgloadr.c">
      <Filter>lib</Filter>
    </ClCompile>
    <ClCompile Include="..\..\..\lib\freetype2\src\base\ftstream.c">
      <Filter>lib</Filter>
    </ClCompile>
    <ClCompile Include="..\..\..\lib\freetype2\src\base\basepic.c">
      <Filter>lib</Filter>
    </ClCompile>
    <ClCompile Include="..\..\..\lib\freetype2\src\base\ftapi.c">
      <Filter>lib</Filter>
    </ClCompile>
    <ClCompile Include="..\..\..\lib\freetype2\src\base\ftbbox.c">
      <Filter>lib</Filter>
    </ClCompile>
    <ClCompile Include="..\..\..\lib\freetype2\src\base\ftsystem.c">
      <Filter>lib</Filter>
    </ClCompile>
    <ClCompile Include="..\..\..\lib\freetype2\src\base\ftpic.c">
      <Filter>lib</Filter>
    </ClCompile>
    <ClCompile Include="..\..\..\lib\freetype2\src\base\ftdbgmem.c">
      <Filter>lib</Filter>
    </ClCompile>
    <ClCompile Include="..\..\..\lib\freetype2\src\base\ftcalc.c">
      <Filter>lib</Filter>
    </ClCompile>
    <ClCompile Include="..\..\..\lib\freetype2\src\base\ftinit.c">
      <Filter>lib</Filter>
    </ClCompile>
    <ClCompile Include="..\..\..\lib\freetype2\src\base\ftoutln.c">
      <Filter>lib</Filter>
    </ClCompile>
    <ClCompile Include="..\..\..\lib\freetype2\src\base\ftbitmap.c">
      <Filter>lib</Filter>
    </ClCompile>
    <ClCompile Include="..\..\..\lib\freetype2\src\base\fttrigon.c">
      <Filter>lib</Filter>
    </ClCompile>
    <ClCompile Include="..\..\..\lib\freetype2\src\base\ftdebug.c">
      <Filter>lib</Filter>
    </ClCompile>
    <ClCompile Include="..\..\..\lib\freetype2\src\base\ftutil.c">
      <Filter>lib</Filter>
    </ClCompile>
    <ClCompile Include="..\..\..\lib\freetype2\src\base\ftadvanc.c">
      <Filter>lib</Filter>
    </ClCompile>
    <ClCompile Include="..\..\..\lib\freetype2\src\base\ftglyph.c">
      <Filter>lib</Filter>
    </ClCompile>
    <ClCompile Include="..\..\..\lib\freetype2\src\base\ftrfork.c">
      <Filter>lib</Filter>
    </ClCompile>
    <ClCompile Include="..\..\..\lib\freetype2\src\base\ftsnames.c">
      <Filter>lib</Filter>
    </ClCompile>
    <ClCompile Include="..\..\..\lib\freetype2\src\base\ftstroke.c">
      <Filter>lib</Filter>
    </ClCompile>
  </ItemGroup>
  <ItemGroup>
    <Library Include="glu32x64.Lib">
      <Filter>lib</Filter>
    </Library>
  </ItemGroup>
</Project>